
Microsoft Visual Studio Solution File, Format Version 12.00
# Visual Studio Version 16
VisualStudioVersion = 16.0.30907.101
MinimumVisualStudioVersion = 10.0.40219.1
Project("{8BC9CEB8-8B4A-11D0-8D11-00A0C91BC942}") = "Dx11Demo_48", "Dx11Demo_48.vcxproj", "{E0F4755C-77C6-4EB1-84D0-0C0A54F8DD13}"
EndProject
Global
	GlobalSection(SolutionConfigurationPlatforms) = preSolution
		Debug|x64 = Debug|x64
		Debug|x86 = Debug|x86
		Release|x64 = Release|x64
		Release|x86 = Release|x86
	EndGlobalSection
	GlobalSection(ProjectConfigurationPlatforms) = postSolution
		{E0F4755C-77C6-4EB1-84D0-0C0A54F8DD13}.Debug|x64.ActiveCfg = Debug|x64
		{E0F4755C-77C6-4EB1-84D0-0C0A54F8DD13}.Debug|x64.Build.0 = Debug|x64
		{E0F4755C-77C6-4EB1-84D0-0C0A54F8DD13}.Debug|x86.ActiveCfg = Debug|Win32
		{E0F4755C-77C6-4EB1-84D0-0C0A54F8DD13}.Debug|x86.Build.0 = Debug|Win32
		{E0F4755C-77C6-4EB1-84D0-0C0A54F8DD13}.Release|x64.ActiveCfg = Release|x64
		{E0F4755C-77C6-4EB1-84D0-0C0A54F8DD13}.Release|x64.Build.0 = Release|x64
		{E0F4755C-77C6-4EB1-84D0-0C0A54F8DD13}.Release|x86.ActiveCfg = Release|Win32
		{E0F4755C-77C6-4EB1-84D0-0C0A54F8DD13}.Release|x86.Build.0 = Release|Win32
	EndGlobalSection
	GlobalSection(SolutionProperties) = preSolution
		HideSolutionNode = FALSE
	EndGlobalSection
	GlobalSection(ExtensibilityGlobals) = postSolution
		SolutionGuid = {0A30F223-2A48-47AC-A067-9BA4A9F873CC}
	EndGlobalSection
EndGlobal
